// !$*UTF8*$!
{
	archiveVersion = 1;
	classes = {
	};
	objectVersion = 63;
	objects = {

/* Begin PBXBuildFile section */
		1908AC4D2BA8E666000FF622 /* AppDelegate.swift in Sources */ = {isa = PBXBuildFile; fileRef = 1908AC4C2BA8E666000FF622 /* AppDelegate.swift */; };
		1908AC4F2BA8E666000FF622 /* SceneDelegate.swift in Sources */ = {isa = PBXBuildFile; fileRef = 1908AC4E2BA8E666000FF622 /* SceneDelegate.swift */; };
		1908AC562BA8E667000FF622 /* Assets.xcassets in Resources */ = {isa = PBXBuildFile; fileRef = 1908AC552BA8E667000FF622 /* Assets.xcassets */; };
		1908AC592BA8E667000FF622 /* Base in Resources */ = {isa = PBXBuildFile; fileRef = 1908AC582BA8E667000FF622 /* Base */; };
		1908AC612BA8F31A000FF622 /* SearchViewController.swift in Sources */ = {isa = PBXBuildFile; fileRef = 1908AC602BA8F31A000FF622 /* SearchViewController.swift */; };
		1908AC632BA8F415000FF622 /* FavoritesListViewController.swift in Sources */ = {isa = PBXBuildFile; fileRef = 1908AC622BA8F415000FF622 /* FavoritesListViewController.swift */; };
		1908AC652BA8FE18000FF622 /* GHFButton.swift in Sources */ = {isa = PBXBuildFile; fileRef = 1908AC642BA8FE18000FF622 /* GHFButton.swift */; };
		1908AC672BA992F2000FF622 /* GHFTextField.swift in Sources */ = {isa = PBXBuildFile; fileRef = 1908AC662BA992F2000FF622 /* GHFTextField.swift */; };
		1908AC692BA997EC000FF622 /* README.md in Resources */ = {isa = PBXBuildFile; fileRef = 1908AC682BA997EC000FF622 /* README.md */; };
		1908AC6B2BA997FB000FF622 /* .gitignore in Resources */ = {isa = PBXBuildFile; fileRef = 1908AC6A2BA997FB000FF622 /* .gitignore */; };
		1908AC6D2BA9D8B6000FF622 /* FollowersListViewController.swift in Sources */ = {isa = PBXBuildFile; fileRef = 1908AC6C2BA9D8B6000FF622 /* FollowersListViewController.swift */; };
		1908AC6F2BAA36E5000FF622 /* GHFTitleLabel.swift in Sources */ = {isa = PBXBuildFile; fileRef = 1908AC6E2BAA36E5000FF622 /* GHFTitleLabel.swift */; };
		1908AC712BAA3BA0000FF622 /* GHFBodyLabel.swift in Sources */ = {isa = PBXBuildFile; fileRef = 1908AC702BAA3BA0000FF622 /* GHFBodyLabel.swift */; };
		1908AC732BAA3BD7000FF622 /* GHFAlertViewController.swift in Sources */ = {isa = PBXBuildFile; fileRef = 1908AC722BAA3BD7000FF622 /* GHFAlertViewController.swift */; };
		1925F5532BB22E2B0021FC44 /* NetworkManager.swift in Sources */ = {isa = PBXBuildFile; fileRef = 1925F5512BB22E2B0021FC44 /* NetworkManager.swift */; };
		1956B7B92BACE1D000C4E76D /* UIViewController+Ext.swift in Sources */ = {isa = PBXBuildFile; fileRef = 1956B7B82BACE1D000C4E76D /* UIViewController+Ext.swift */; };
		1956B7E82BB1CB7400C4E76D /* Follower.swift in Sources */ = {isa = PBXBuildFile; fileRef = 1956B7E72BB1CB7400C4E76D /* Follower.swift */; };
		1956B7EA2BB1CD7B00C4E76D /* User.swift in Sources */ = {isa = PBXBuildFile; fileRef = 1956B7E92BB1CD7B00C4E76D /* User.swift */; };
/* End PBXBuildFile section */

/* Begin PBXFileReference section */
		1908AC492BA8E666000FF622 /* GitHubFollowers.app */ = {isa = PBXFileReference; explicitFileType = wrapper.application; includeInIndex = 0; path = GitHubFollowers.app; sourceTree = BUILT_PRODUCTS_DIR; };
		1908AC4C2BA8E666000FF622 /* AppDelegate.swift */ = {isa = PBXFileReference; lastKnownFileType = sourcecode.swift; path = AppDelegate.swift; sourceTree = "<group>"; };
		1908AC4E2BA8E666000FF622 /* SceneDelegate.swift */ = {isa = PBXFileReference; lastKnownFileType = sourcecode.swift; path = SceneDelegate.swift; sourceTree = "<group>"; };
		1908AC552BA8E667000FF622 /* Assets.xcassets */ = {isa = PBXFileReference; lastKnownFileType = folder.assetcatalog; path = Assets.xcassets; sourceTree = "<group>"; };
		1908AC582BA8E667000FF622 /* Base */ = {isa = PBXFileReference; lastKnownFileType = file.storyboard; name = Base; path = Base.lproj/LaunchScreen.storyboard; sourceTree = "<group>"; };
		1908AC5A2BA8E667000FF622 /* Info.plist */ = {isa = PBXFileReference; lastKnownFileType = text.plist.xml; path = Info.plist; sourceTree = "<group>"; };
		1908AC602BA8F31A000FF622 /* SearchViewController.swift */ = {isa = PBXFileReference; lastKnownFileType = sourcecode.swift; path = SearchViewController.swift; sourceTree = "<group>"; };
		1908AC622BA8F415000FF622 /* FavoritesListViewController.swift */ = {isa = PBXFileReference; lastKnownFileType = sourcecode.swift; path = FavoritesListViewController.swift; sourceTree = "<group>"; };
		1908AC642BA8FE18000FF622 /* GHFButton.swift */ = {isa = PBXFileReference; lastKnownFileType = sourcecode.swift; path = GHFButton.swift; sourceTree = "<group>"; };
		1908AC662BA992F2000FF622 /* GHFTextField.swift */ = {isa = PBXFileReference; lastKnownFileType = sourcecode.swift; path = GHFTextField.swift; sourceTree = "<group>"; };
		1908AC682BA997EC000FF622 /* README.md */ = {isa = PBXFileReference; fileEncoding = 4; lastKnownFileType = net.daringfireball.markdown; path = README.md; sourceTree = "<group>"; };
		1908AC6A2BA997FB000FF622 /* .gitignore */ = {isa = PBXFileReference; fileEncoding = 4; lastKnownFileType = text; path = .gitignore; sourceTree = "<group>"; };
		1908AC6C2BA9D8B6000FF622 /* FollowersListViewController.swift */ = {isa = PBXFileReference; lastKnownFileType = sourcecode.swift; path = FollowersListViewController.swift; sourceTree = "<group>"; };
		1908AC6E2BAA36E5000FF622 /* GHFTitleLabel.swift */ = {isa = PBXFileReference; lastKnownFileType = sourcecode.swift; path = GHFTitleLabel.swift; sourceTree = "<group>"; };
		1908AC702BAA3BA0000FF622 /* GHFBodyLabel.swift */ = {isa = PBXFileReference; lastKnownFileType = sourcecode.swift; path = GHFBodyLabel.swift; sourceTree = "<group>"; };
		1908AC722BAA3BD7000FF622 /* GHFAlertViewController.swift */ = {isa = PBXFileReference; lastKnownFileType = sourcecode.swift; path = GHFAlertViewController.swift; sourceTree = "<group>"; };
		1925F5512BB22E2B0021FC44 /* NetworkManager.swift */ = {isa = PBXFileReference; fileEncoding = 4; lastKnownFileType = sourcecode.swift; path = NetworkManager.swift; sourceTree = "<group>"; };
		1956B7B82BACE1D000C4E76D /* UIViewController+Ext.swift */ = {isa = PBXFileReference; lastKnownFileType = sourcecode.swift; path = "UIViewController+Ext.swift"; sourceTree = "<group>"; };
		1956B7E72BB1CB7400C4E76D /* Follower.swift */ = {isa = PBXFileReference; lastKnownFileType = sourcecode.swift; path = Follower.swift; sourceTree = "<group>"; };
		1956B7E92BB1CD7B00C4E76D /* User.swift */ = {isa = PBXFileReference; lastKnownFileType = sourcecode.swift; path = User.swift; sourceTree = "<group>"; };
/* End PBXFileReference section */

/* Begin PBXFrameworksBuildPhase section */
		1908AC462BA8E666000FF622 /* Frameworks */ = {
			isa = PBXFrameworksBuildPhase;
			buildActionMask = 2147483647;
			files = (
			);
			runOnlyForDeploymentPostprocessing = 0;
		};
/* End PBXFrameworksBuildPhase section */

/* Begin PBXGroup section */
		1908AC402BA8E666000FF622 = {
			isa = PBXGroup;
			children = (
				1908AC682BA997EC000FF622 /* README.md */,
				1908AC6A2BA997FB000FF622 /* .gitignore */,
				1908AC4B2BA8E666000FF622 /* GitHubFollowers */,
				1908AC5A2BA8E667000FF622 /* Info.plist */,
				1908AC4A2BA8E666000FF622 /* Products */,
			);
			sourceTree = "<group>";
		};
		1908AC4A2BA8E666000FF622 /* Products */ = {
			isa = PBXGroup;
			children = (
				1908AC492BA8E666000FF622 /* GitHubFollowers.app */,
			);
			name = Products;
			sourceTree = "<group>";
		};
		1908AC4B2BA8E666000FF622 /* GitHubFollowers */ = {
			isa = PBXGroup;
			children = (
				1956B7BA2BAD6FCD00C4E76D /* Controllers */,
				1956B7BB2BAD708700C4E76D /* CustomViews */,
				1956B7E62BB1CB4A00C4E76D /* Model */,
				1925F5522BB22E2B0021FC44 /* Managers */,
				1956B7BC2BAD710F00C4E76D /* Extentions */,
				1956B7BD2BAD71D600C4E76D /* Support */,
			);
			path = GitHubFollowers;
			sourceTree = "<group>";
		};
		1925F5522BB22E2B0021FC44 /* Managers */ = {
			isa = PBXGroup;
			children = (
				1925F5512BB22E2B0021FC44 /* NetworkManager.swift */,
			);
			path = Managers;
			sourceTree = "<group>";
		};
		1956B7BA2BAD6FCD00C4E76D /* Controllers */ = {
			isa = PBXGroup;
			children = (
				1908AC602BA8F31A000FF622 /* SearchViewController.swift */,
				1908AC6C2BA9D8B6000FF622 /* FollowersListViewController.swift */,
				1908AC622BA8F415000FF622 /* FavoritesListViewController.swift */,
			);
			path = Controllers;
			sourceTree = "<group>";
		};
		1956B7BB2BAD708700C4E76D /* CustomViews */ = {
			isa = PBXGroup;
			children = (
				1908AC722BAA3BD7000FF622 /* GHFAlertViewController.swift */,
				1908AC642BA8FE18000FF622 /* GHFButton.swift */,
				1908AC662BA992F2000FF622 /* GHFTextField.swift */,
				1908AC6E2BAA36E5000FF622 /* GHFTitleLabel.swift */,
				1908AC702BAA3BA0000FF622 /* GHFBodyLabel.swift */,
			);
			path = CustomViews;
			sourceTree = "<group>";
		};
		1956B7BC2BAD710F00C4E76D /* Extentions */ = {
			isa = PBXGroup;
			children = (
				1956B7B82BACE1D000C4E76D /* UIViewController+Ext.swift */,
			);
			path = Extentions;
			sourceTree = "<group>";
		};
		1956B7BD2BAD71D600C4E76D /* Support */ = {
			isa = PBXGroup;
			children = (
				1908AC4C2BA8E666000FF622 /* AppDelegate.swift */,
				1908AC4E2BA8E666000FF622 /* SceneDelegate.swift */,
				1908AC552BA8E667000FF622 /* Assets.xcassets */,
				1908AC572BA8E667000FF622 /* LaunchScreen.storyboard */,
			);
			path = Support;
			sourceTree = "<group>";
		};
		1956B7E62BB1CB4A00C4E76D /* Model */ = {
			isa = PBXGroup;
			children = (
				1956B7E72BB1CB7400C4E76D /* Follower.swift */,
				1956B7E92BB1CD7B00C4E76D /* User.swift */,
			);
			path = Model;
			sourceTree = "<group>";
		};
/* End PBXGroup section */

/* Begin PBXNativeTarget section */
		1908AC482BA8E666000FF622 /* GitHubFollowers */ = {
			isa = PBXNativeTarget;
			buildConfigurationList = 1908AC5D2BA8E667000FF622 /* Build configuration list for PBXNativeTarget "GitHubFollowers" */;
			buildPhases = (
				1908AC452BA8E666000FF622 /* Sources */,
				1908AC462BA8E666000FF622 /* Frameworks */,
				1908AC472BA8E666000FF622 /* Resources */,
			);
			buildRules = (
			);
			dependencies = (
			);
			name = GitHubFollowers;
			productName = GitHubFollowers;
			productReference = 1908AC492BA8E666000FF622 /* GitHubFollowers.app */;
			productType = "com.apple.product-type.application";
		};
/* End PBXNativeTarget section */

/* Begin PBXProject section */
		1908AC412BA8E666000FF622 /* Project object */ = {
			isa = PBXProject;
			attributes = {
				BuildIndependentTargetsInParallel = 1;
				LastSwiftUpdateCheck = 1530;
				LastUpgradeCheck = 1530;
				TargetAttributes = {
					1908AC482BA8E666000FF622 = {
						CreatedOnToolsVersion = 15.3;
					};
				};
			};
			buildConfigurationList = 1908AC442BA8E666000FF622 /* Build configuration list for PBXProject "GitHubFollowers" */;
			compatibilityVersion = "Xcode 15.3";
			developmentRegion = en;
			hasScannedForEncodings = 0;
			knownRegions = (
				en,
				Base,
			);
			mainGroup = 1908AC402BA8E666000FF622;
			productRefGroup = 1908AC4A2BA8E666000FF622 /* Products */;
			projectDirPath = "";
			projectRoot = "";
			targets = (
				1908AC482BA8E666000FF622 /* GitHubFollowers */,
			);
		};
/* End PBXProject section */

/* Begin PBXResourcesBuildPhase section */
		1908AC472BA8E666000FF622 /* Resources */ = {
			isa = PBXResourcesBuildPhase;
			buildActionMask = 2147483647;
			files = (
				1908AC6B2BA997FB000FF622 /* .gitignore in Resources */,
				1908AC692BA997EC000FF622 /* README.md in Resources */,
				1908AC562BA8E667000FF622 /* Assets.xcassets in Resources */,
				1908AC592BA8E667000FF622 /* Base in Resources */,
			);
			runOnlyForDeploymentPostprocessing = 0;
		};
/* End PBXResourcesBuildPhase section */

/* Begin PBXSourcesBuildPhase section */
		1908AC452BA8E666000FF622 /* Sources */ = {
			isa = PBXSourcesBuildPhase;
			buildActionMask = 2147483647;
			files = (
				1956B7EA2BB1CD7B00C4E76D /* User.swift in Sources */,
				1908AC612BA8F31A000FF622 /* SearchViewController.swift in Sources */,
				1908AC4D2BA8E666000FF622 /* AppDelegate.swift in Sources */,
				1908AC632BA8F415000FF622 /* FavoritesListViewController.swift in Sources */,
				1956B7B92BACE1D000C4E76D /* UIViewController+Ext.swift in Sources */,
				1908AC6D2BA9D8B6000FF622 /* FollowersListViewController.swift in Sources */,
				1908AC652BA8FE18000FF622 /* GHFButton.swift in Sources */,
				1908AC6F2BAA36E5000FF622 /* GHFTitleLabel.swift in Sources */,
				1956B7E82BB1CB7400C4E76D /* Follower.swift in Sources */,
				1908AC712BAA3BA0000FF622 /* GHFBodyLabel.swift in Sources */,
				1925F5532BB22E2B0021FC44 /* NetworkManager.swift in Sources */,
				1908AC732BAA3BD7000FF622 /* GHFAlertViewController.swift in Sources */,
				1908AC4F2BA8E666000FF622 /* SceneDelegate.swift in Sources */,
				1908AC672BA992F2000FF622 /* GHFTextField.swift in Sources */,
			);
			runOnlyForDeploymentPostprocessing = 0;
		};
/* End PBXSourcesBuildPhase section */

/* Begin PBXVariantGroup section */
		1908AC572BA8E667000FF622 /* LaunchScreen.storyboard */ = {
			isa = PBXVariantGroup;
			children = (
				1908AC582BA8E667000FF622 /* Base */,
			);
			name = LaunchScreen.storyboard;
			sourceTree = "<group>";
		};
/* End PBXVariantGroup section */

/* Begin XCBuildConfiguration section */
		1908AC5B2BA8E667000FF622 /* Debug */ = {
			isa = XCBuildConfiguration;
			buildSettings = {
				ALWAYS_SEARCH_USER_PATHS = NO;
				ASSETCATALOG_COMPILER_GENERATE_SWIFT_ASSET_SYMBOL_EXTENSIONS = YES;
				CLANG_ANALYZER_NONNULL = YES;
				CLANG_ANALYZER_NUMBER_OBJECT_CONVERSION = YES_AGGRESSIVE;
				CLANG_CXX_LANGUAGE_STANDARD = "gnu++20";
				CLANG_ENABLE_MODULES = YES;
				CLANG_ENABLE_OBJC_ARC = YES;
				CLANG_ENABLE_OBJC_WEAK = YES;
				CLANG_WARN_BLOCK_CAPTURE_AUTORELEASING = YES;
				CLANG_WARN_BOOL_CONVERSION = YES;
				CLANG_WARN_COMMA = YES;
				CLANG_WARN_CONSTANT_CONVERSION = YES;
				CLANG_WARN_DEPRECATED_OBJC_IMPLEMENTATIONS = YES;
				CLANG_WARN_DIRECT_OBJC_ISA_USAGE = YES_ERROR;
				CLANG_WARN_DOCUMENTATION_COMMENTS = YES;
				CLANG_WARN_EMPTY_BODY = YES;
				CLANG_WARN_ENUM_CONVERSION = YES;
				CLANG_WARN_INFINITE_RECURSION = YES;
				CLANG_WARN_INT_CONVERSION = YES;
				CLANG_WARN_NON_LITERAL_NULL_CONVERSION = YES;
				CLANG_WARN_OBJC_IMPLICIT_RETAIN_SELF = YES;
				CLANG_WARN_OBJC_LITERAL_CONVERSION = YES;
				CLANG_WARN_OBJC_ROOT_CLASS = YES_ERROR;
				CLANG_WARN_QUOTED_INCLUDE_IN_FRAMEWORK_HEADER = YES;
				CLANG_WARN_RANGE_LOOP_ANALYSIS = YES;
				CLANG_WARN_STRICT_PROTOTYPES = YES;
				CLANG_WARN_SUSPICIOUS_MOVE = YES;
				CLANG_WARN_UNGUARDED_AVAILABILITY = YES_AGGRESSIVE;
				CLANG_WARN_UNREACHABLE_CODE = YES;
				CLANG_WARN__DUPLICATE_METHOD_MATCH = YES;
				COPY_PHASE_STRIP = NO;
				DEBUG_INFORMATION_FORMAT = dwarf;
				ENABLE_STRICT_OBJC_MSGSEND = YES;
				ENABLE_TESTABILITY = YES;
				ENABLE_USER_SCRIPT_SANDBOXING = YES;
				GCC_C_LANGUAGE_STANDARD = gnu17;
				GCC_DYNAMIC_NO_PIC = NO;
				GCC_NO_COMMON_BLOCKS = YES;
				GCC_OPTIMIZATION_LEVEL = 0;
				GCC_PREPROCESSOR_DEFINITIONS = (
					"DEBUG=1",
					"$(inherited)",
				);
				GCC_WARN_64_TO_32_BIT_CONVERSION = YES;
				GCC_WARN_ABOUT_RETURN_TYPE = YES_ERROR;
				GCC_WARN_UNDECLARED_SELECTOR = YES;
				GCC_WARN_UNINITIALIZED_AUTOS = YES_AGGRESSIVE;
				GCC_WARN_UNUSED_FUNCTION = YES;
				GCC_WARN_UNUSED_VARIABLE = YES;
				IPHONEOS_DEPLOYMENT_TARGET = 17.4;
				LOCALIZATION_PREFERS_STRING_CATALOGS = YES;
				MTL_ENABLE_DEBUG_INFO = INCLUDE_SOURCE;
				MTL_FAST_MATH = YES;
				ONLY_ACTIVE_ARCH = YES;
				SDKROOT = iphoneos;
				SWIFT_ACTIVE_COMPILATION_CONDITIONS = "DEBUG $(inherited)";
				SWIFT_OPTIMIZATION_LEVEL = "-Onone";
			};
			name = Debug;
		};
		1908AC5C2BA8E667000FF622 /* Release */ = {
			isa = XCBuildConfiguration;
			buildSettings = {
				ALWAYS_SEARCH_USER_PATHS = NO;
				ASSETCATALOG_COMPILER_GENERATE_SWIFT_ASSET_SYMBOL_EXTENSIONS = YES;
				CLANG_ANALYZER_NONNULL = YES;
				CLANG_ANALYZER_NUMBER_OBJECT_CONVERSION = YES_AGGRESSIVE;
				CLANG_CXX_LANGUAGE_STANDARD = "gnu++20";
				CLANG_ENABLE_MODULES = YES;
				CLANG_ENABLE_OBJC_ARC = YES;
				CLANG_ENABLE_OBJC_WEAK = YES;
				CLANG_WARN_BLOCK_CAPTURE_AUTORELEASING = YES;
				CLANG_WARN_BOOL_CONVERSION = YES;
				CLANG_WARN_COMMA = YES;
				CLANG_WARN_CONSTANT_CONVERSION = YES;
				CLANG_WARN_DEPRECATED_OBJC_IMPLEMENTATIONS = YES;
				CLANG_WARN_DIRECT_OBJC_ISA_USAGE = YES_ERROR;
				CLANG_WARN_DOCUMENTATION_COMMENTS = YES;
				CLANG_WARN_EMPTY_BODY = YES;
				CLANG_WARN_ENUM_CONVERSION = YES;
				CLANG_WARN_INFINITE_RECURSION = YES;
				CLANG_WARN_INT_CONVERSION = YES;
				CLANG_WARN_NON_LITERAL_NULL_CONVERSION = YES;
				CLANG_WARN_OBJC_IMPLICIT_RETAIN_SELF = YES;
				CLANG_WARN_OBJC_LITERAL_CONVERSION = YES;
				CLANG_WARN_OBJC_ROOT_CLASS = YES_ERROR;
				CLANG_WARN_QUOTED_INCLUDE_IN_FRAMEWORK_HEADER = YES;
				CLANG_WARN_RANGE_LOOP_ANALYSIS = YES;
				CLANG_WARN_STRICT_PROTOTYPES = YES;
				CLANG_WARN_SUSPICIOUS_MOVE = YES;
				CLANG_WARN_UNGUARDED_AVAILABILITY = YES_AGGRESSIVE;
				CLANG_WARN_UNREACHABLE_CODE = YES;
				CLANG_WARN__DUPLICATE_METHOD_MATCH = YES;
				COPY_PHASE_STRIP = NO;
				DEBUG_INFORMATION_FORMAT = "dwarf-with-dsym";
				ENABLE_NS_ASSERTIONS = NO;
				ENABLE_STRICT_OBJC_MSGSEND = YES;
				ENABLE_USER_SCRIPT_SANDBOXING = YES;
				GCC_C_LANGUAGE_STANDARD = gnu17;
				GCC_NO_COMMON_BLOCKS = YES;
				GCC_WARN_64_TO_32_BIT_CONVERSION = YES;
				GCC_WARN_ABOUT_RETURN_TYPE = YES_ERROR;
				GCC_WARN_UNDECLARED_SELECTOR = YES;
				GCC_WARN_UNINITIALIZED_AUTOS = YES_AGGRESSIVE;
				GCC_WARN_UNUSED_FUNCTION = YES;
				GCC_WARN_UNUSED_VARIABLE = YES;
				IPHONEOS_DEPLOYMENT_TARGET = 17.4;
				LOCALIZATION_PREFERS_STRING_CATALOGS = YES;
				MTL_ENABLE_DEBUG_INFO = NO;
				MTL_FAST_MATH = YES;
				SDKROOT = iphoneos;
				SWIFT_COMPILATION_MODE = wholemodule;
				VALIDATE_PRODUCT = YES;
			};
			name = Release;
		};
		1908AC5E2BA8E667000FF622 /* Debug */ = {
			isa = XCBuildConfiguration;
			buildSettings = {
				ASSETCATALOG_COMPILER_APPICON_NAME = AppIcon;
				ASSETCATALOG_COMPILER_GLOBAL_ACCENT_COLOR_NAME = AccentColor;
				CODE_SIGN_STYLE = Automatic;
				CURRENT_PROJECT_VERSION = 1;
				DEVELOPMENT_TEAM = 6WAA8E6R87;
				GENERATE_INFOPLIST_FILE = YES;
				INFOPLIST_FILE = GitHubFollowers/Info.plist;
				INFOPLIST_KEY_UIApplicationSupportsIndirectInputEvents = YES;
				INFOPLIST_KEY_UILaunchStoryboardName = LaunchScreen;
				INFOPLIST_KEY_UISupportedInterfaceOrientations = UIInterfaceOrientationPortrait;
				INFOPLIST_KEY_UISupportedInterfaceOrientations_iPad = "UIInterfaceOrientationLandscapeLeft UIInterfaceOrientationLandscapeRight UIInterfaceOrientationPortrait UIInterfaceOrientationPortraitUpsideDown";
				LD_RUNPATH_SEARCH_PATHS = (
					"$(inherited)",
					"@executable_path/Frameworks",
				);
				MARKETING_VERSION = 1.0;
				PRODUCT_BUNDLE_IDENTIFIER = com.melnelen.GitHubFollowers;
				PRODUCT_NAME = "$(TARGET_NAME)";
				SUPPORTED_PLATFORMS = "iphoneos iphonesimulator";
				SUPPORTS_MACCATALYST = NO;
				SUPPORTS_MAC_DESIGNED_FOR_IPHONE_IPAD = NO;
				SUPPORTS_XR_DESIGNED_FOR_IPHONE_IPAD = NO;
				SWIFT_EMIT_LOC_STRINGS = YES;
				SWIFT_VERSION = 5.0;
				TARGETED_DEVICE_FAMILY = 1;
			};
			name = Debug;
		};
		1908AC5F2BA8E667000FF622 /* Release */ = {
			isa = XCBuildConfiguration;
			buildSettings = {
				ASSETCATALOG_COMPILER_APPICON_NAME = AppIcon;
				ASSETCATALOG_COMPILER_GLOBAL_ACCENT_COLOR_NAME = AccentColor;
				CODE_SIGN_STYLE = Automatic;
				CURRENT_PROJECT_VERSION = 1;
				DEVELOPMENT_TEAM = 6WAA8E6R87;
				GENERATE_INFOPLIST_FILE = YES;
				INFOPLIST_FILE = GitHubFollowers/Info.plist;
				INFOPLIST_KEY_UIApplicationSupportsIndirectInputEvents = YES;
				INFOPLIST_KEY_UILaunchStoryboardName = LaunchScreen;
				INFOPLIST_KEY_UISupportedInterfaceOrientations = UIInterfaceOrientationPortrait;
				INFOPLIST_KEY_UISupportedInterfaceOrientations_iPad = "UIInterfaceOrientationLandscapeLeft UIInterfaceOrientationLandscapeRight UIInterfaceOrientationPortrait UIInterfaceOrientationPortraitUpsideDown";
				LD_RUNPATH_SEARCH_PATHS = (
					"$(inherited)",
					"@executable_path/Frameworks",
				);
				MARKETING_VERSION = 1.0;
				PRODUCT_BUNDLE_IDENTIFIER = com.melnelen.GitHubFollowers;
				PRODUCT_NAME = "$(TARGET_NAME)";
				SUPPORTED_PLATFORMS = "iphoneos iphonesimulator";
				SUPPORTS_MACCATALYST = NO;
				SUPPORTS_MAC_DESIGNED_FOR_IPHONE_IPAD = NO;
				SUPPORTS_XR_DESIGNED_FOR_IPHONE_IPAD = NO;
				SWIFT_EMIT_LOC_STRINGS = YES;
				SWIFT_VERSION = 5.0;
				TARGETED_DEVICE_FAMILY = 1;
			};
			name = Release;
		};
/* End XCBuildConfiguration section */

/* Begin XCConfigurationList section */
		1908AC442BA8E666000FF622 /* Build configuration list for PBXProject "GitHubFollowers" */ = {
			isa = XCConfigurationList;
			buildConfigurations = (
				1908AC5B2BA8E667000FF622 /* Debug */,
				1908AC5C2BA8E667000FF622 /* Release */,
			);
			defaultConfigurationIsVisible = 0;
			defaultConfigurationName = Release;
		};
		1908AC5D2BA8E667000FF622 /* Build configuration list for PBXNativeTarget "GitHubFollowers" */ = {
			isa = XCConfigurationList;
			buildConfigurations = (
				1908AC5E2BA8E667000FF622 /* Debug */,
				1908AC5F2BA8E667000FF622 /* Release */,
			);
			defaultConfigurationIsVisible = 0;
			defaultConfigurationName = Release;
		};
/* End XCConfigurationList section */
	};
	rootObject = 1908AC412BA8E666000FF622 /* Project object */;
}
